
Microsoft Visual Studio Solution File, Format Version 12.00
Project("{FAE04EC0-301F-11D3-BF4B-00C04F79EFBC}") = "PokemonReviewApp", "PokemonReviewApp\PokemonReviewApp.csproj", "{2B7B168C-0739-4EE4-B2E8-C0C50E830B32}"
EndProject
Global
	GlobalSection(SolutionConfigurationPlatforms) = preSolution
		Debug|Any CPU = Debug|Any CPU
		Release|Any CPU = Release|Any CPU
	EndGlobalSection
	GlobalSection(ProjectConfigurationPlatforms) = postSolution
		{2B7B168C-0739-4EE4-B2E8-C0C50E830B32}.Debug|Any CPU.ActiveCfg = Debug|Any CPU
		{2B7B168C-0739-4EE4-B2E8-C0C50E830B32}.Debug|Any CPU.Build.0 = Debug|Any CPU
		{2B7B168C-0739-4EE4-B2E8-C0C50E830B32}.Release|Any CPU.ActiveCfg = Release|Any CPU
		{2B7B168C-0739-4EE4-B2E8-C0C50E830B32}.Release|Any CPU.Build.0 = Release|Any CPU
	EndGlobalSection
EndGlobal
